<?xml version="1.0" encoding="UTF-8" standalone="yes" ?>
<CodeBlocks_project_file>
	<FileVersion major="1" minor="6" />
	<Project>
		<Option title="ScheduleCreator" />
		<Option pch_mode="2" />
		<Option compiler="gcc" />
		<Build>
			<Target title="Debug">
				<Option output="libScheduleCreator" prefix_auto="1" extension_auto="1" />
				<Option working_dir="" />
				<Option object_output="obj\Debug\" />
				<Option type="2" />
				<Option compiler="gcc" />
				<Option createDefFile="1" />
				<Compiler>
					<Add option="-Wall" />
					<Add option="-g" />
				</Compiler>
			</Target>
			<Target title="Release">
				<Option output="libScheduleCreator" prefix_auto="1" extension_auto="1" />
				<Option working_dir="" />
				<Option object_output="obj\Release\" />
				<Option type="2" />
				<Option compiler="gcc" />
				<Option createDefFile="1" />
				<Compiler>
					<Add option="-Wall" />
					<Add option="-O2" />
				</Compiler>
				<Linker>
					<Add option="-s" />
				</Linker>
			</Target>
		</Build>
		<Linker>
			<Add library="..\InputParser\libInputParser_C.a" />
			<Add library="..\InputParser\libInputParser.a" />
		</Linker>
		<Unit filename="SCCoreMemory.c">
			<Option compilerVar="CC" />
		</Unit>
		<Unit filename="SCCoreMemory.h" />
		<Unit filename="SCDays.c">
			<Option compilerVar="CC" />
		</Unit>
		<Unit filename="SCDays.h" />
		<Unit filename="SCJob.c">
			<Option compilerVar="CC" />
		</Unit>
		<Unit filename="SCJob.h" />
		<Unit filename="SCPerson.c">
			<Option compilerVar="CC" />
		</Unit>
		<Unit filename="SCPerson.h" />
		<Unit filename="ScheduleCreator.h" />
		<Unit filename="ScheduleCreatorCalender.c">
			<Option compilerVar="CC" />
		</Unit>
		<Unit filename="ScheduleCreatorCalender.h" />
		<Unit filename="ScheduleCreatorCore.c">
			<Option compilerVar="CC" />
		</Unit>
		<Unit filename="ScheduleCreatorCore.h" />
		<Unit filename="ScheduleCreatorFileIO.c">
			<Option compilerVar="CC" />
		</Unit>
		<Unit filename="ScheduleCreatorFileIO.h" />
		<Unit filename="SchedulePrintouts.c">
			<Option compilerVar="CC" />
		</Unit>
		<Unit filename="SchedulePrintouts.h" />
		<Unit filename="ScheduleSolver.c">
			<Option compilerVar="CC" />
		</Unit>
		<Unit filename="ScheduleSolver.h" />
		<Unit filename="ScheduleSorting.c">
			<Option compilerVar="CC" />
		</Unit>
		<Unit filename="ScheduleSorting.h" />
		<Unit filename="ScheduleStatistics.c">
			<Option compilerVar="CC" />
		</Unit>
		<Unit filename="ScheduleStatistics.h" />
		<Unit filename="main.c">
			<Option compilerVar="CC" />
		</Unit>
		<Extensions>
			<envvars />
			<code_completion />
			<lib_finder disable_auto="1" />
			<debugger />
		</Extensions>
	</Project>
</CodeBlocks_project_file>
